
Microsoft Visual Studio Solution File, Format Version 12.00
# Visual Studio 15
VisualStudioVersion = 15.0.28307.421
MinimumVisualStudioVersion = 10.0.40219.1
Project("{FAE04EC0-301F-11D3-BF4B-00C04F79EFBC}") = "PolkaGit", "PolkaGit\PolkaGit.csproj", "{BA5F8016-C5F8-482C-B226-A84F7CD28500}"
EndProject
Global
	GlobalSection(SolutionConfigurationPlatforms) = preSolution
		Debug|Any CPU = Debug|Any CPU
		Release|Any CPU = Release|Any CPU
	EndGlobalSection
	GlobalSection(ProjectConfigurationPlatforms) = postSolution
		{BA5F8016-C5F8-482C-B226-A84F7CD28500}.Debug|Any CPU.ActiveCfg = Debug|Any CPU
		{BA5F8016-C5F8-482C-B226-A84F7CD28500}.Debug|Any CPU.Build.0 = Debug|Any CPU
		{BA5F8016-C5F8-482C-B226-A84F7CD28500}.Release|Any CPU.ActiveCfg = Release|Any CPU
		{BA5F8016-C5F8-482C-B226-A84F7CD28500}.Release|Any CPU.Build.0 = Release|Any CPU
	EndGlobalSection
	GlobalSection(SolutionProperties) = preSolution
		HideSolutionNode = FALSE
	EndGlobalSection
	GlobalSection(ExtensibilityGlobals) = postSolution
		SolutionGuid = {F736199F-CC08-4C14-98D9-C1EBFEA9B491}
	EndGlobalSection
EndGlobal
